
Microsoft Visual Studio Solution File, Format Version 12.00
# Visual Studio Version 17
VisualStudioVersion = 17.3.32825.248
MinimumVisualStudioVersion = 10.0.40219.1
Project("{FAE04EC0-301F-11D3-BF4B-00C04F79EFBC}") = "Part 6 - Loops", "Part 6 - Loops.csproj", "{8DA37004-0920-4AA6-B029-6826D7B8F6FC}"
EndProject
Global
	GlobalSection(SolutionConfigurationPlatforms) = preSolution
		Debug|Any CPU = Debug|Any CPU
		Release|Any CPU = Release|Any CPU
	EndGlobalSection
	GlobalSection(ProjectConfigurationPlatforms) = postSolution
		{8DA37004-0920-4AA6-B029-6826D7B8F6FC}.Debug|Any CPU.ActiveCfg = Debug|Any CPU
		{8DA37004-0920-4AA6-B029-6826D7B8F6FC}.Debug|Any CPU.Build.0 = Debug|Any CPU
		{8DA37004-0920-4AA6-B029-6826D7B8F6FC}.Release|Any CPU.ActiveCfg = Release|Any CPU
		{8DA37004-0920-4AA6-B029-6826D7B8F6FC}.Release|Any CPU.Build.0 = Release|Any CPU
	EndGlobalSection
	GlobalSection(SolutionProperties) = preSolution
		HideSolutionNode = FALSE
	EndGlobalSection
	GlobalSection(ExtensibilityGlobals) = postSolution
		SolutionGuid = {4DE665E0-7935-424D-A852-8B172E7B5179}
	EndGlobalSection
EndGlobal
